
Microsoft Visual Studio Solution File, Format Version 12.00
# Visual Studio Version 16
VisualStudioVersion = 16.0.29806.167
MinimumVisualStudioVersion = 10.0.40219.1
Project("{FAE04EC0-301F-11D3-BF4B-00C04F79EFBC}") = "market", "market.csproj", "{E2FE8F80-5470-41F5-A7CD-0EB317F127E7}"
EndProject
Global
	GlobalSection(SolutionConfigurationPlatforms) = preSolution
		Debug|Any CPU = Debug|Any CPU
		Release|Any CPU = Release|Any CPU
	EndGlobalSection
	GlobalSection(ProjectConfigurationPlatforms) = postSolution
		{E2FE8F80-5470-41F5-A7CD-0EB317F127E7}.Debug|Any CPU.ActiveCfg = Debug|Any CPU
		{E2FE8F80-5470-41F5-A7CD-0EB317F127E7}.Debug|Any CPU.Build.0 = Debug|Any CPU
		{E2FE8F80-5470-41F5-A7CD-0EB317F127E7}.Release|Any CPU.ActiveCfg = Release|Any CPU
		{E2FE8F80-5470-41F5-A7CD-0EB317F127E7}.Release|Any CPU.Build.0 = Release|Any CPU
	EndGlobalSection
	GlobalSection(SolutionProperties) = preSolution
		HideSolutionNode = FALSE
	EndGlobalSection
	GlobalSection(ExtensibilityGlobals) = postSolution
		SolutionGuid = {B4D1E0B0-C991-4C26-9A4A-174DE8D3341A}
	EndGlobalSection
EndGlobal
